
Microsoft Visual Studio Solution File, Format Version 12.00
# Visual Studio Version 17
VisualStudioVersion = 17.8.34330.188
MinimumVisualStudioVersion = 10.0.40219.1
Project("{8BC9CEB8-8B4A-11D0-8D11-00A0C91BC942}") = "OOP №15", "OOP №15\OOP №15.vcxproj", "{EEFF4BE4-816B-44E6-BEA5-D6743D45F1FD}"
EndProject
Global
	GlobalSection(SolutionConfigurationPlatforms) = preSolution
		Debug|x64 = Debug|x64
		Debug|x86 = Debug|x86
		Release|x64 = Release|x64
		Release|x86 = Release|x86
	EndGlobalSection
	GlobalSection(ProjectConfigurationPlatforms) = postSolution
		{EEFF4BE4-816B-44E6-BEA5-D6743D45F1FD}.Debug|x64.ActiveCfg = Debug|x64
		{EEFF4BE4-816B-44E6-BEA5-D6743D45F1FD}.Debug|x64.Build.0 = Debug|x64
		{EEFF4BE4-816B-44E6-BEA5-D6743D45F1FD}.Debug|x86.ActiveCfg = Debug|Win32
		{EEFF4BE4-816B-44E6-BEA5-D6743D45F1FD}.Debug|x86.Build.0 = Debug|Win32
		{EEFF4BE4-816B-44E6-BEA5-D6743D45F1FD}.Release|x64.ActiveCfg = Release|x64
		{EEFF4BE4-816B-44E6-BEA5-D6743D45F1FD}.Release|x64.Build.0 = Release|x64
		{EEFF4BE4-816B-44E6-BEA5-D6743D45F1FD}.Release|x86.ActiveCfg = Release|Win32
		{EEFF4BE4-816B-44E6-BEA5-D6743D45F1FD}.Release|x86.Build.0 = Release|Win32
	EndGlobalSection
	GlobalSection(SolutionProperties) = preSolution
		HideSolutionNode = FALSE
	EndGlobalSection
	GlobalSection(ExtensibilityGlobals) = postSolution
		SolutionGuid = {7F4E2F5C-2C27-4057-BE87-769E75C13E64}
	EndGlobalSection
EndGlobal
